
Microsoft Visual Studio Solution File, Format Version 12.00
# Visual Studio Version 16
VisualStudioVersion = 16.0.32413.511
MinimumVisualStudioVersion = 10.0.40219.1
Project("{FAE04EC0-301F-11D3-BF4B-00C04F79EFBC}") = "ProjetoInterDicliplinar", "ProjetoInterDicliplinar\ProjetoInterDicliplinar.csproj", "{6F056AE4-770F-4A2F-9AEF-A257C76197A3}"
EndProject
Project("{2150E333-8FDC-42A3-9474-1A3956D46DE8}") = "1 - API", "1 - API", "{764029CF-F1A8-465F-85F1-CEB722DAC724}"
EndProject
Project("{2150E333-8FDC-42A3-9474-1A3956D46DE8}") = "2 - Service", "2 - Service", "{D3C276B3-3FDD-4B2F-B5ED-FEAF3AB6307A}"
EndProject
Project("{2150E333-8FDC-42A3-9474-1A3956D46DE8}") = "3 - Domain", "3 - Domain", "{3D4E66BE-D595-43AB-8CC9-CE929F63A51B}"
EndProject
Project("{2150E333-8FDC-42A3-9474-1A3956D46DE8}") = "4 - Repository", "4 - Repository", "{79EEC340-8A42-4C0D-B7BB-C85AF6DCC055}"
EndProject
Project("{2150E333-8FDC-42A3-9474-1A3956D46DE8}") = "5 - Common", "5 - Common", "{C7CF7F36-C4C4-4536-BD10-01A9A612B918}"
EndProject
Project("{2150E333-8FDC-42A3-9474-1A3956D46DE8}") = "6 - Core", "6 - Core", "{74627F51-8309-41E8-B2CC-523444E65029}"
EndProject
Project("{FAE04EC0-301F-11D3-BF4B-00C04F79EFBC}") = "Servico.Configuracao", "Servico.Configuracao\Servico.Configuracao.csproj", "{AA6BA224-58C4-4B19-9F0A-F634730B37DA}"
EndProject
Project("{FAE04EC0-301F-11D3-BF4B-00C04F79EFBC}") = "Service.Domain", "Service.Domain\Service.Domain.csproj", "{874D2752-EAE5-46B9-AC26-9F68A0F9FB47}"
EndProject
Project("{FAE04EC0-301F-11D3-BF4B-00C04F79EFBC}") = "Repositorio", "Repositorio\Repositorio.csproj", "{CC8E5E99-690F-4E7F-8528-627DB84620BD}"
EndProject
Project("{FAE04EC0-301F-11D3-BF4B-00C04F79EFBC}") = "Repositorio.Configuration", "Repositorio.Configuration\Repositorio.Configuration.csproj", "{FE45D832-EA78-419B-A621-51D179EC2551}"
EndProject
Project("{FAE04EC0-301F-11D3-BF4B-00C04F79EFBC}") = "Repositorio.Specification", "Repositorio.Specification\Repositorio.Specification.csproj", "{DDAE6FCC-6865-48FA-A2A3-C1A94BD9FBB0}"
EndProject
Project("{FAE04EC0-301F-11D3-BF4B-00C04F79EFBC}") = "Domain", "Domain\Domain.csproj", "{48CAD232-C6EB-4FB0-8B8F-1DA2D98005FC}"
EndProject
Project("{FAE04EC0-301F-11D3-BF4B-00C04F79EFBC}") = "Common", "Common\Common.csproj", "{26EDB682-7041-4DD4-A72C-9091CC445EA9}"
EndProject
Project("{FAE04EC0-301F-11D3-BF4B-00C04F79EFBC}") = "DTO", "DTO\DTO.csproj", "{70EB45DA-27DB-4379-9107-31853D58D8EB}"
EndProject
Project("{FAE04EC0-301F-11D3-BF4B-00C04F79EFBC}") = "Core.Configuration", "Core.Configuration\Core.Configuration.csproj", "{070CAD4D-A2D6-4BE7-9116-9AD8CB5C4EC6}"
EndProject
Global
	GlobalSection(SolutionConfigurationPlatforms) = preSolution
		Debug|Any CPU = Debug|Any CPU
		Release|Any CPU = Release|Any CPU
	EndGlobalSection
	GlobalSection(ProjectConfigurationPlatforms) = postSolution
		{6F056AE4-770F-4A2F-9AEF-A257C76197A3}.Debug|Any CPU.ActiveCfg = Debug|Any CPU
		{6F056AE4-770F-4A2F-9AEF-A257C76197A3}.Debug|Any CPU.Build.0 = Debug|Any CPU
		{6F056AE4-770F-4A2F-9AEF-A257C76197A3}.Release|Any CPU.ActiveCfg = Release|Any CPU
		{6F056AE4-770F-4A2F-9AEF-A257C76197A3}.Release|Any CPU.Build.0 = Release|Any CPU
		{AA6BA224-58C4-4B19-9F0A-F634730B37DA}.Debug|Any CPU.ActiveCfg = Debug|Any CPU
		{AA6BA224-58C4-4B19-9F0A-F634730B37DA}.Debug|Any CPU.Build.0 = Debug|Any CPU
		{AA6BA224-58C4-4B19-9F0A-F634730B37DA}.Release|Any CPU.ActiveCfg = Release|Any CPU
		{AA6BA224-58C4-4B19-9F0A-F634730B37DA}.Release|Any CPU.Build.0 = Release|Any CPU
		{874D2752-EAE5-46B9-AC26-9F68A0F9FB47}.Debug|Any CPU.ActiveCfg = Debug|Any CPU
		{874D2752-EAE5-46B9-AC26-9F68A0F9FB47}.Debug|Any CPU.Build.0 = Debug|Any CPU
		{874D2752-EAE5-46B9-AC26-9F68A0F9FB47}.Release|Any CPU.ActiveCfg = Release|Any CPU
		{874D2752-EAE5-46B9-AC26-9F68A0F9FB47}.Release|Any CPU.Build.0 = Release|Any CPU
		{CC8E5E99-690F-4E7F-8528-627DB84620BD}.Debug|Any CPU.ActiveCfg = Debug|Any CPU
		{CC8E5E99-690F-4E7F-8528-627DB84620BD}.Debug|Any CPU.Build.0 = Debug|Any CPU
		{CC8E5E99-690F-4E7F-8528-627DB84620BD}.Release|Any CPU.ActiveCfg = Release|Any CPU
		{CC8E5E99-690F-4E7F-8528-627DB84620BD}.Release|Any CPU.Build.0 = Release|Any CPU
		{FE45D832-EA78-419B-A621-51D179EC2551}.Debug|Any CPU.ActiveCfg = Debug|Any CPU
		{FE45D832-EA78-419B-A621-51D179EC2551}.Debug|Any CPU.Build.0 = Debug|Any CPU
		{FE45D832-EA78-419B-A621-51D179EC2551}.Release|Any CPU.ActiveCfg = Release|Any CPU
		{FE45D832-EA78-419B-A621-51D179EC2551}.Release|Any CPU.Build.0 = Release|Any CPU
		{DDAE6FCC-6865-48FA-A2A3-C1A94BD9FBB0}.Debug|Any CPU.ActiveCfg = Debug|Any CPU
		{DDAE6FCC-6865-48FA-A2A3-C1A94BD9FBB0}.Debug|Any CPU.Build.0 = Debug|Any CPU
		{DDAE6FCC-6865-48FA-A2A3-C1A94BD9FBB0}.Release|Any CPU.ActiveCfg = Release|Any CPU
		{DDAE6FCC-6865-48FA-A2A3-C1A94BD9FBB0}.Release|Any CPU.Build.0 = Release|Any CPU
		{48CAD232-C6EB-4FB0-8B8F-1DA2D98005FC}.Debug|Any CPU.ActiveCfg = Debug|Any CPU
		{48CAD232-C6EB-4FB0-8B8F-1DA2D98005FC}.Debug|Any CPU.Build.0 = Debug|Any CPU
		{48CAD232-C6EB-4FB0-8B8F-1DA2D98005FC}.Release|Any CPU.ActiveCfg = Release|Any CPU
		{48CAD232-C6EB-4FB0-8B8F-1DA2D98005FC}.Release|Any CPU.Build.0 = Release|Any CPU
		{26EDB682-7041-4DD4-A72C-9091CC445EA9}.Debug|Any CPU.ActiveCfg = Debug|Any CPU
		{26EDB682-7041-4DD4-A72C-9091CC445EA9}.Debug|Any CPU.Build.0 = Debug|Any CPU
		{26EDB682-7041-4DD4-A72C-9091CC445EA9}.Release|Any CPU.ActiveCfg = Release|Any CPU
		{26EDB682-7041-4DD4-A72C-9091CC445EA9}.Release|Any CPU.Build.0 = Release|Any CPU
		{70EB45DA-27DB-4379-9107-31853D58D8EB}.Debug|Any CPU.ActiveCfg = Debug|Any CPU
		{70EB45DA-27DB-4379-9107-31853D58D8EB}.Debug|Any CPU.Build.0 = Debug|Any CPU
		{70EB45DA-27DB-4379-9107-31853D58D8EB}.Release|Any CPU.ActiveCfg = Release|Any CPU
		{70EB45DA-27DB-4379-9107-31853D58D8EB}.Release|Any CPU.Build.0 = Release|Any CPU
		{070CAD4D-A2D6-4BE7-9116-9AD8CB5C4EC6}.Debug|Any CPU.ActiveCfg = Debug|Any CPU
		{070CAD4D-A2D6-4BE7-9116-9AD8CB5C4EC6}.Debug|Any CPU.Build.0 = Debug|Any CPU
		{070CAD4D-A2D6-4BE7-9116-9AD8CB5C4EC6}.Release|Any CPU.ActiveCfg = Release|Any CPU
		{070CAD4D-A2D6-4BE7-9116-9AD8CB5C4EC6}.Release|Any CPU.Build.0 = Release|Any CPU
	EndGlobalSection
	GlobalSection(SolutionProperties) = preSolution
		HideSolutionNode = FALSE
	EndGlobalSection
	GlobalSection(NestedProjects) = preSolution
		{6F056AE4-770F-4A2F-9AEF-A257C76197A3} = {764029CF-F1A8-465F-85F1-CEB722DAC724}
		{AA6BA224-58C4-4B19-9F0A-F634730B37DA} = {D3C276B3-3FDD-4B2F-B5ED-FEAF3AB6307A}
		{874D2752-EAE5-46B9-AC26-9F68A0F9FB47} = {D3C276B3-3FDD-4B2F-B5ED-FEAF3AB6307A}
		{CC8E5E99-690F-4E7F-8528-627DB84620BD} = {79EEC340-8A42-4C0D-B7BB-C85AF6DCC055}
		{FE45D832-EA78-419B-A621-51D179EC2551} = {79EEC340-8A42-4C0D-B7BB-C85AF6DCC055}
		{DDAE6FCC-6865-48FA-A2A3-C1A94BD9FBB0} = {79EEC340-8A42-4C0D-B7BB-C85AF6DCC055}
		{48CAD232-C6EB-4FB0-8B8F-1DA2D98005FC} = {3D4E66BE-D595-43AB-8CC9-CE929F63A51B}
		{26EDB682-7041-4DD4-A72C-9091CC445EA9} = {C7CF7F36-C4C4-4536-BD10-01A9A612B918}
		{70EB45DA-27DB-4379-9107-31853D58D8EB} = {C7CF7F36-C4C4-4536-BD10-01A9A612B918}
		{070CAD4D-A2D6-4BE7-9116-9AD8CB5C4EC6} = {74627F51-8309-41E8-B2CC-523444E65029}
	EndGlobalSection
	GlobalSection(ExtensibilityGlobals) = postSolution
		SolutionGuid = {5A500ED8-AF25-43AF-9ACA-867BC0B70FC6}
	EndGlobalSection
EndGlobal
